
Microsoft Visual Studio Solution File, Format Version 12.00
# Visual Studio 15
VisualStudioVersion = 15.0.26124.0
MinimumVisualStudioVersion = 15.0.26124.0
Project("{2150E333-8FDC-42A3-9474-1A3956D46DE8}") = "src", "src", "{46EEA5DE-41CA-4E31-A736-FD712CAA9E34}"
EndProject
Project("{2150E333-8FDC-42A3-9474-1A3956D46DE8}") = "1.presentation", "1.presentation", "{8D6CF11A-C2AB-4B9E-BDF1-77FDF60B9E8C}"
EndProject
Project("{FAE04EC0-301F-11D3-BF4B-00C04F79EFBC}") = "inoa.code-challenge.api", "src\1.presentation\inoa.code-challenge.api\inoa.code-challenge.api.csproj", "{DB44B802-6E7C-47E8-B263-0C3C1CB55649}"
EndProject
Project("{FAE04EC0-301F-11D3-BF4B-00C04F79EFBC}") = "inoa.code-challenge.console", "src\1.presentation\inoa.code-challenge.console\inoa.code-challenge.console.csproj", "{57A9547C-C051-41AB-A89B-7B4023415AA3}"
EndProject
Project("{2150E333-8FDC-42A3-9474-1A3956D46DE8}") = "2.application", "2.application", "{6727ADA5-A0A6-4EA2-AABA-AD4C362DCA6C}"
EndProject
Project("{FAE04EC0-301F-11D3-BF4B-00C04F79EFBC}") = "inoa.code-challenge.application", "src\2.application\inoa.code-challenge.application\inoa.code-challenge.application.csproj", "{BDA063D6-7142-45CC-B9A4-F664C9E3E755}"
EndProject
Project("{2150E333-8FDC-42A3-9474-1A3956D46DE8}") = "3.domain", "3.domain", "{F242CD67-D22C-45D6-8E50-D073504D779D}"
EndProject
Project("{FAE04EC0-301F-11D3-BF4B-00C04F79EFBC}") = "inoa.code-challenge.domain", "src\3.domain\inoa.code-challenge.domain\inoa.code-challenge.domain.csproj", "{D4AFC6A8-B376-4BE9-9E08-96287766EBB8}"
EndProject
Project("{2150E333-8FDC-42A3-9474-1A3956D46DE8}") = "4.infra", "4.infra", "{08090B0D-BB0F-4257-B5BD-7827A4604BDC}"
EndProject
Project("{FAE04EC0-301F-11D3-BF4B-00C04F79EFBC}") = "inoa.code-challenge.infra", "src\4.infra\inoa.code-challenge.infra\inoa.code-challenge.infra.csproj", "{D719F48D-8405-4F47-A5D9-446F81E3F817}"
EndProject
Project("{2150E333-8FDC-42A3-9474-1A3956D46DE8}") = "5.tests", "5.tests", "{A94270CE-D11F-4E69-B0A2-D7DA7F1D605A}"
EndProject
Project("{FAE04EC0-301F-11D3-BF4B-00C04F79EFBC}") = "inoa.code-challenge.test", "src\5.tests\inoa.code-challenge.test\inoa.code-challenge.test.csproj", "{14FCE78C-FBC6-409C-B76C-E0968FC8A6D8}"
EndProject
Global
	GlobalSection(SolutionConfigurationPlatforms) = preSolution
		Debug|Any CPU = Debug|Any CPU
		Debug|x64 = Debug|x64
		Debug|x86 = Debug|x86
		Release|Any CPU = Release|Any CPU
		Release|x64 = Release|x64
		Release|x86 = Release|x86
	EndGlobalSection
	GlobalSection(SolutionProperties) = preSolution
		HideSolutionNode = FALSE
	EndGlobalSection
	GlobalSection(ProjectConfigurationPlatforms) = postSolution
		{DB44B802-6E7C-47E8-B263-0C3C1CB55649}.Debug|Any CPU.ActiveCfg = Debug|Any CPU
		{DB44B802-6E7C-47E8-B263-0C3C1CB55649}.Debug|Any CPU.Build.0 = Debug|Any CPU
		{DB44B802-6E7C-47E8-B263-0C3C1CB55649}.Debug|x64.ActiveCfg = Debug|Any CPU
		{DB44B802-6E7C-47E8-B263-0C3C1CB55649}.Debug|x64.Build.0 = Debug|Any CPU
		{DB44B802-6E7C-47E8-B263-0C3C1CB55649}.Debug|x86.ActiveCfg = Debug|Any CPU
		{DB44B802-6E7C-47E8-B263-0C3C1CB55649}.Debug|x86.Build.0 = Debug|Any CPU
		{DB44B802-6E7C-47E8-B263-0C3C1CB55649}.Release|Any CPU.ActiveCfg = Release|Any CPU
		{DB44B802-6E7C-47E8-B263-0C3C1CB55649}.Release|Any CPU.Build.0 = Release|Any CPU
		{DB44B802-6E7C-47E8-B263-0C3C1CB55649}.Release|x64.ActiveCfg = Release|Any CPU
		{DB44B802-6E7C-47E8-B263-0C3C1CB55649}.Release|x64.Build.0 = Release|Any CPU
		{DB44B802-6E7C-47E8-B263-0C3C1CB55649}.Release|x86.ActiveCfg = Release|Any CPU
		{DB44B802-6E7C-47E8-B263-0C3C1CB55649}.Release|x86.Build.0 = Release|Any CPU
		{57A9547C-C051-41AB-A89B-7B4023415AA3}.Debug|Any CPU.ActiveCfg = Debug|Any CPU
		{57A9547C-C051-41AB-A89B-7B4023415AA3}.Debug|Any CPU.Build.0 = Debug|Any CPU
		{57A9547C-C051-41AB-A89B-7B4023415AA3}.Debug|x64.ActiveCfg = Debug|Any CPU
		{57A9547C-C051-41AB-A89B-7B4023415AA3}.Debug|x64.Build.0 = Debug|Any CPU
		{57A9547C-C051-41AB-A89B-7B4023415AA3}.Debug|x86.ActiveCfg = Debug|Any CPU
		{57A9547C-C051-41AB-A89B-7B4023415AA3}.Debug|x86.Build.0 = Debug|Any CPU
		{57A9547C-C051-41AB-A89B-7B4023415AA3}.Release|Any CPU.ActiveCfg = Release|Any CPU
		{57A9547C-C051-41AB-A89B-7B4023415AA3}.Release|Any CPU.Build.0 = Release|Any CPU
		{57A9547C-C051-41AB-A89B-7B4023415AA3}.Release|x64.ActiveCfg = Release|Any CPU
		{57A9547C-C051-41AB-A89B-7B4023415AA3}.Release|x64.Build.0 = Release|Any CPU
		{57A9547C-C051-41AB-A89B-7B4023415AA3}.Release|x86.ActiveCfg = Release|Any CPU
		{57A9547C-C051-41AB-A89B-7B4023415AA3}.Release|x86.Build.0 = Release|Any CPU
		{BDA063D6-7142-45CC-B9A4-F664C9E3E755}.Debug|Any CPU.ActiveCfg = Debug|Any CPU
		{BDA063D6-7142-45CC-B9A4-F664C9E3E755}.Debug|Any CPU.Build.0 = Debug|Any CPU
		{BDA063D6-7142-45CC-B9A4-F664C9E3E755}.Debug|x64.ActiveCfg = Debug|Any CPU
		{BDA063D6-7142-45CC-B9A4-F664C9E3E755}.Debug|x64.Build.0 = Debug|Any CPU
		{BDA063D6-7142-45CC-B9A4-F664C9E3E755}.Debug|x86.ActiveCfg = Debug|Any CPU
		{BDA063D6-7142-45CC-B9A4-F664C9E3E755}.Debug|x86.Build.0 = Debug|Any CPU
		{BDA063D6-7142-45CC-B9A4-F664C9E3E755}.Release|Any CPU.ActiveCfg = Release|Any CPU
		{BDA063D6-7142-45CC-B9A4-F664C9E3E755}.Release|Any CPU.Build.0 = Release|Any CPU
		{BDA063D6-7142-45CC-B9A4-F664C9E3E755}.Release|x64.ActiveCfg = Release|Any CPU
		{BDA063D6-7142-45CC-B9A4-F664C9E3E755}.Release|x64.Build.0 = Release|Any CPU
		{BDA063D6-7142-45CC-B9A4-F664C9E3E755}.Release|x86.ActiveCfg = Release|Any CPU
		{BDA063D6-7142-45CC-B9A4-F664C9E3E755}.Release|x86.Build.0 = Release|Any CPU
		{D4AFC6A8-B376-4BE9-9E08-96287766EBB8}.Debug|Any CPU.ActiveCfg = Debug|Any CPU
		{D4AFC6A8-B376-4BE9-9E08-96287766EBB8}.Debug|Any CPU.Build.0 = Debug|Any CPU
		{D4AFC6A8-B376-4BE9-9E08-96287766EBB8}.Debug|x64.ActiveCfg = Debug|Any CPU
		{D4AFC6A8-B376-4BE9-9E08-96287766EBB8}.Debug|x64.Build.0 = Debug|Any CPU
		{D4AFC6A8-B376-4BE9-9E08-96287766EBB8}.Debug|x86.ActiveCfg = Debug|Any CPU
		{D4AFC6A8-B376-4BE9-9E08-96287766EBB8}.Debug|x86.Build.0 = Debug|Any CPU
		{D4AFC6A8-B376-4BE9-9E08-96287766EBB8}.Release|Any CPU.ActiveCfg = Release|Any CPU
		{D4AFC6A8-B376-4BE9-9E08-96287766EBB8}.Release|Any CPU.Build.0 = Release|Any CPU
		{D4AFC6A8-B376-4BE9-9E08-96287766EBB8}.Release|x64.ActiveCfg = Release|Any CPU
		{D4AFC6A8-B376-4BE9-9E08-96287766EBB8}.Release|x64.Build.0 = Release|Any CPU
		{D4AFC6A8-B376-4BE9-9E08-96287766EBB8}.Release|x86.ActiveCfg = Release|Any CPU
		{D4AFC6A8-B376-4BE9-9E08-96287766EBB8}.Release|x86.Build.0 = Release|Any CPU
		{D719F48D-8405-4F47-A5D9-446F81E3F817}.Debug|Any CPU.ActiveCfg = Debug|Any CPU
		{D719F48D-8405-4F47-A5D9-446F81E3F817}.Debug|Any CPU.Build.0 = Debug|Any CPU
		{D719F48D-8405-4F47-A5D9-446F81E3F817}.Debug|x64.ActiveCfg = Debug|Any CPU
		{D719F48D-8405-4F47-A5D9-446F81E3F817}.Debug|x64.Build.0 = Debug|Any CPU
		{D719F48D-8405-4F47-A5D9-446F81E3F817}.Debug|x86.ActiveCfg = Debug|Any CPU
		{D719F48D-8405-4F47-A5D9-446F81E3F817}.Debug|x86.Build.0 = Debug|Any CPU
		{D719F48D-8405-4F47-A5D9-446F81E3F817}.Release|Any CPU.ActiveCfg = Release|Any CPU
		{D719F48D-8405-4F47-A5D9-446F81E3F817}.Release|Any CPU.Build.0 = Release|Any CPU
		{D719F48D-8405-4F47-A5D9-446F81E3F817}.Release|x64.ActiveCfg = Release|Any CPU
		{D719F48D-8405-4F47-A5D9-446F81E3F817}.Release|x64.Build.0 = Release|Any CPU
		{D719F48D-8405-4F47-A5D9-446F81E3F817}.Release|x86.ActiveCfg = Release|Any CPU
		{D719F48D-8405-4F47-A5D9-446F81E3F817}.Release|x86.Build.0 = Release|Any CPU
		{14FCE78C-FBC6-409C-B76C-E0968FC8A6D8}.Debug|Any CPU.ActiveCfg = Debug|Any CPU
		{14FCE78C-FBC6-409C-B76C-E0968FC8A6D8}.Debug|Any CPU.Build.0 = Debug|Any CPU
		{14FCE78C-FBC6-409C-B76C-E0968FC8A6D8}.Debug|x64.ActiveCfg = Debug|Any CPU
		{14FCE78C-FBC6-409C-B76C-E0968FC8A6D8}.Debug|x64.Build.0 = Debug|Any CPU
		{14FCE78C-FBC6-409C-B76C-E0968FC8A6D8}.Debug|x86.ActiveCfg = Debug|Any CPU
		{14FCE78C-FBC6-409C-B76C-E0968FC8A6D8}.Debug|x86.Build.0 = Debug|Any CPU
		{14FCE78C-FBC6-409C-B76C-E0968FC8A6D8}.Release|Any CPU.ActiveCfg = Release|Any CPU
		{14FCE78C-FBC6-409C-B76C-E0968FC8A6D8}.Release|Any CPU.Build.0 = Release|Any CPU
		{14FCE78C-FBC6-409C-B76C-E0968FC8A6D8}.Release|x64.ActiveCfg = Release|Any CPU
		{14FCE78C-FBC6-409C-B76C-E0968FC8A6D8}.Release|x64.Build.0 = Release|Any CPU
		{14FCE78C-FBC6-409C-B76C-E0968FC8A6D8}.Release|x86.ActiveCfg = Release|Any CPU
		{14FCE78C-FBC6-409C-B76C-E0968FC8A6D8}.Release|x86.Build.0 = Release|Any CPU
	EndGlobalSection
	GlobalSection(NestedProjects) = preSolution
		{8D6CF11A-C2AB-4B9E-BDF1-77FDF60B9E8C} = {46EEA5DE-41CA-4E31-A736-FD712CAA9E34}
		{DB44B802-6E7C-47E8-B263-0C3C1CB55649} = {8D6CF11A-C2AB-4B9E-BDF1-77FDF60B9E8C}
		{57A9547C-C051-41AB-A89B-7B4023415AA3} = {8D6CF11A-C2AB-4B9E-BDF1-77FDF60B9E8C}
		{6727ADA5-A0A6-4EA2-AABA-AD4C362DCA6C} = {46EEA5DE-41CA-4E31-A736-FD712CAA9E34}
		{BDA063D6-7142-45CC-B9A4-F664C9E3E755} = {6727ADA5-A0A6-4EA2-AABA-AD4C362DCA6C}
		{F242CD67-D22C-45D6-8E50-D073504D779D} = {46EEA5DE-41CA-4E31-A736-FD712CAA9E34}
		{D4AFC6A8-B376-4BE9-9E08-96287766EBB8} = {F242CD67-D22C-45D6-8E50-D073504D779D}
		{08090B0D-BB0F-4257-B5BD-7827A4604BDC} = {46EEA5DE-41CA-4E31-A736-FD712CAA9E34}
		{D719F48D-8405-4F47-A5D9-446F81E3F817} = {08090B0D-BB0F-4257-B5BD-7827A4604BDC}
		{A94270CE-D11F-4E69-B0A2-D7DA7F1D605A} = {46EEA5DE-41CA-4E31-A736-FD712CAA9E34}
		{14FCE78C-FBC6-409C-B76C-E0968FC8A6D8} = {A94270CE-D11F-4E69-B0A2-D7DA7F1D605A}
	EndGlobalSection
EndGlobal
